
Microsoft Visual Studio Solution File, Format Version 12.00
Project("{FAE04EC0-301F-11D3-BF4B-00C04F79EFBC}") = "Project", "Project\Project.csproj", "{92A5EB8D-B22D-406B-9FD1-90F00A3B0AF1}"
EndProject
Global
	GlobalSection(SolutionConfigurationPlatforms) = preSolution
		Debug|Any CPU = Debug|Any CPU
		Release|Any CPU = Release|Any CPU
	EndGlobalSection
	GlobalSection(ProjectConfigurationPlatforms) = postSolution
		{92A5EB8D-B22D-406B-9FD1-90F00A3B0AF1}.Debug|Any CPU.ActiveCfg = Debug|Any CPU
		{92A5EB8D-B22D-406B-9FD1-90F00A3B0AF1}.Debug|Any CPU.Build.0 = Debug|Any CPU
		{92A5EB8D-B22D-406B-9FD1-90F00A3B0AF1}.Release|Any CPU.ActiveCfg = Release|Any CPU
		{92A5EB8D-B22D-406B-9FD1-90F00A3B0AF1}.Release|Any CPU.Build.0 = Release|Any CPU
	EndGlobalSection
EndGlobal
