
Microsoft Visual Studio Solution File, Format Version 12.00
Project("{FAE04EC0-301F-11D3-BF4B-00C04F79EFBC}") = "WeatherForecast", "WeatherForecast\WeatherForecast.csproj", "{655C823A-5BD7-4220-82E2-4AB67C4DBDA6}"
EndProject
Global
	GlobalSection(SolutionConfigurationPlatforms) = preSolution
		Debug|Any CPU = Debug|Any CPU
		Release|Any CPU = Release|Any CPU
	EndGlobalSection
	GlobalSection(ProjectConfigurationPlatforms) = postSolution
		{655C823A-5BD7-4220-82E2-4AB67C4DBDA6}.Debug|Any CPU.ActiveCfg = Debug|Any CPU
		{655C823A-5BD7-4220-82E2-4AB67C4DBDA6}.Debug|Any CPU.Build.0 = Debug|Any CPU
		{655C823A-5BD7-4220-82E2-4AB67C4DBDA6}.Release|Any CPU.ActiveCfg = Release|Any CPU
		{655C823A-5BD7-4220-82E2-4AB67C4DBDA6}.Release|Any CPU.Build.0 = Release|Any CPU
	EndGlobalSection
EndGlobal
